// !$*UTF8*$!
{
	archiveVersion = 1;
	classes = {
	};
	objectVersion = 46;
	objects = {
/* Begin PBXBuildFile section */
		0207DA581B56EA530066E2B4 /* Images.xcassets in Resources */ = {isa = PBXBuildFile; fileRef = 0207DA571B56EA530066E2B4 /* Images.xcassets */; };
		1D3623260D0F684500981E51 /* AppDelegate.m in Sources */ = {isa = PBXBuildFile; fileRef = 1D3623250D0F684500981E51 /* AppDelegate.m */; };
		1D60589B0D05DD56006BFB54 /* main.m in Sources */ = {isa = PBXBuildFile; fileRef = 29B97316FDCFA39411CA2CEA /* main.m */; };
		301BF552109A68D80062928A /* libCordova.a in Frameworks */ = {isa = PBXBuildFile; fileRef = 301BF535109A57CC0062928A /* libCordova.a */; };
		302D95F114D2391D003F00A1 /* MainViewController.m in Sources */ = {isa = PBXBuildFile; fileRef = 302D95EF14D2391D003F00A1 /* MainViewController.m */; };
		302D95F214D2391D003F00A1 /* MainViewController.xib in Resources */ = {isa = PBXBuildFile; fileRef = 302D95F014D2391D003F00A1 /* MainViewController.xib */; };
		3047A5121AB8059700498E2A /* build-debug.xcconfig in Resources */ = {isa = PBXBuildFile; fileRef = 3047A50F1AB8059700498E2A /* build-debug.xcconfig */; };
		3047A5131AB8059700498E2A /* build-release.xcconfig in Resources */ = {isa = PBXBuildFile; fileRef = 3047A5101AB8059700498E2A /* build-release.xcconfig */; };
		3047A5141AB8059700498E2A /* build.xcconfig in Resources */ = {isa = PBXBuildFile; fileRef = 3047A5111AB8059700498E2A /* build.xcconfig */; };
		6AFF5BF91D6E424B00AB3073 /* CDVLaunchScreen.storyboard in Resources */ = {isa = PBXBuildFile; fileRef = 6AFF5BF81D6E424B00AB3073 /* CDVLaunchScreen.storyboard */; };
		6C06BE0580174FB680AA0404 /* CDVBattery.m in Sources */ = {isa = PBXBuildFile; fileRef = 3B57F0E73297437C8C4DD6BF /* CDVBattery.m */; };
		B6B44EA495AC40A285C3B506 /* UIImage+CropScaleOrientation.m in Sources */ = {isa = PBXBuildFile; fileRef = 65E39CF41B4A42549C66B23D /* UIImage+CropScaleOrientation.m */; };
		848179E1C1D24B7BB63A28D3 /* CDVCamera.m in Sources */ = {isa = PBXBuildFile; fileRef = 9C9E2BF41C6B4DB3ACF257F8 /* CDVCamera.m */; };
		26C8E5FA719C4404B8EAF5E0 /* CDVJpegHeaderWriter.m in Sources */ = {isa = PBXBuildFile; fileRef = 5A60EDA7480F4D9681BCABA4 /* CDVJpegHeaderWriter.m */; };
		8943C42BA747413A8DE7B0CC /* ImageIO.framework in Frameworks */ = {isa = PBXBuildFile; fileRef = 2EA18D23E53245BBABB35EBE /* ImageIO.framework */; settings = {ATTRIBUTES = (Weak, ); }; };
		8575DD516C6548D491C334F4 /* CoreLocation.framework in Frameworks */ = {isa = PBXBuildFile; fileRef = 381338312F0D42F08924A0FA /* CoreLocation.framework */; };
		963FD4F0DD324CA7B31F8BCC /* AVFoundation.framework in Frameworks */ = {isa = PBXBuildFile; fileRef = 53B989D290B44BA5A9289790 /* AVFoundation.framework */; };
		B900D78DCBCD4536A5193246 /* CDVLogger.m in Sources */ = {isa = PBXBuildFile; fileRef = 6D21B7E65E6A4DAFA59A0175 /* CDVLogger.m */; };
		0E8F02B03E3B469383759F87 /* CDVContacts.m in Sources */ = {isa = PBXBuildFile; fileRef = 16D2B52F59964477B97517AF /* CDVContacts.m */; };
		AFA082F756044386A2A2A48C /* CDVContact.m in Sources */ = {isa = PBXBuildFile; fileRef = 1A01DE07B7454D4DB3093D38 /* CDVContact.m */; };
		F7306F1A9ABE459BBFFA26A5 /* AddressBook.framework in Frameworks */ = {isa = PBXBuildFile; fileRef = 1FAE51D3D1BD48A08EC59D02 /* AddressBook.framework */; settings = {ATTRIBUTES = (Weak, ); }; };
		FF5DE46A04DA442FA2D29673 /* AddressBookUI.framework in Frameworks */ = {isa = PBXBuildFile; fileRef = D6FAC4172FDF40388DEE3CFE /* AddressBookUI.framework */; settings = {ATTRIBUTES = (Weak, ); }; };
		41F852CC4F8740C0986CDA8E /* CDVDevice.m in Sources */ = {isa = PBXBuildFile; fileRef = 9D351C851247474DB4E0727F /* CDVDevice.m */; };
		329B746A6CE14B8AB0FB4EE5 /* libz.tbd in Frameworks */ = {isa = PBXBuildFile; fileRef = 36E01A4EADBF4939B114E5E9 /* libz.tbd */; };
		7203A48D7D2B4720B1AC911E /* CDVAccelerometer.m in Sources */ = {isa = PBXBuildFile; fileRef = 1DBD72A76A444A6884EEB659 /* CDVAccelerometer.m */; };
		FFE512A0557E4DF19BFCF8D0 /* CoreMotion.framework in Frameworks */ = {isa = PBXBuildFile; fileRef = B0336F9410DE4305911E2D21 /* CoreMotion.framework */; };
		4F78004D54D847F1BF6C22B2 /* CDVCompass.m in Sources */ = {isa = PBXBuildFile; fileRef = 7F0ACAFE10144F23B171DABE /* CDVCompass.m */; };
		12FE7AB217B34D3280375907 /* CDVNotification.m in Sources */ = {isa = PBXBuildFile; fileRef = CD658E1024E4469382CA910C /* CDVNotification.m */; };
		4C08F69F2D644EA3B8D664CB /* CDVNotification.bundle in Resources */ = {isa = PBXBuildFile; fileRef = 15EEBB25A18649979605A09C /* CDVNotification.bundle */; };
		CA0D56E520904AD1A98D7B93 /* AudioToolbox.framework in Frameworks */ = {isa = PBXBuildFile; fileRef = E0C66C7E4A29436385D22207 /* AudioToolbox.framework */; settings = {ATTRIBUTES = (Weak, ); }; };
		7FB848CF79AA44B6AA3F1523 /* CDVFile.m in Sources */ = {isa = PBXBuildFile; fileRef = 03C0473A2A984A359E828924 /* CDVFile.m */; };
		3F7B7A73707A411CBA20CF3E /* CDVLocalFilesystem.m in Sources */ = {isa = PBXBuildFile; fileRef = 0F060E9DB7FB44C0A7693889 /* CDVLocalFilesystem.m */; };
		ACAE2AAACE6A45E698DF2793 /* CDVAssetLibraryFilesystem.m in Sources */ = {isa = PBXBuildFile; fileRef = 2BD8316C05A34DD78CFAE5D4 /* CDVAssetLibraryFilesystem.m */; };
		F754D71319084BB2BD0EDF92 /* CDVFileTransfer.m in Sources */ = {isa = PBXBuildFile; fileRef = 424C9B847E5D4045AEA53F19 /* CDVFileTransfer.m */; };
		9E4FE3D4F63A439CBC7968C2 /* CDVLocation.m in Sources */ = {isa = PBXBuildFile; fileRef = 1239B7D36ADA40CF90400C2E /* CDVLocation.m */; };
		4E902B305C3148189D091688 /* CDVGlobalization.m in Sources */ = {isa = PBXBuildFile; fileRef = 2EF7087B606F416EB1E4E92C /* CDVGlobalization.m */; };
		73BBB60BDA2847C7BCFC58FB /* CDVInAppBrowser.m in Sources */ = {isa = PBXBuildFile; fileRef = 74673138847A4851B248BCB9 /* CDVInAppBrowser.m */; };
		004056D7AD6E4E9F90C79474 /* CDVSound.m in Sources */ = {isa = PBXBuildFile; fileRef = A9360243898D46DC8F04392E /* CDVSound.m */; };
		61BD36D47F0E4E01B2418F8D /* CDVCapture.m in Sources */ = {isa = PBXBuildFile; fileRef = 333BF0CEB4974EB0882A6AA5 /* CDVCapture.m */; };
		B5C5CDD979B9470C989F64A6 /* CDVCapture.bundle in Resources */ = {isa = PBXBuildFile; fileRef = D583D37C3F314256B464EC08 /* CDVCapture.bundle */; };
		19D76DA0156A416C88F826CF /* CDVConnection.m in Sources */ = {isa = PBXBuildFile; fileRef = F20701AA4DC1442D982110B9 /* CDVConnection.m */; };
		E724F369C3AE4723A3BF0D2E /* CDVReachability.m in Sources */ = {isa = PBXBuildFile; fileRef = DE35F29557C647EAB0ED4572 /* CDVReachability.m */; };
		9F96A2D6EF104F39BBE020F5 /* SystemConfiguration.framework in Frameworks */ = {isa = PBXBuildFile; fileRef = 2694DCDEC79E44309D571AE0 /* SystemConfiguration.framework */; settings = {ATTRIBUTES = (Weak, ); }; };
		E5EE9ED152564BCD96C48953 /* CoreTelephony.framework in Frameworks */ = {isa = PBXBuildFile; fileRef = 1A5B5EF023CE4ADA8438D864 /* CoreTelephony.framework */; };
		C8F233D21C31418D83F573D9 /* CDVSplashScreen.m in Sources */ = {isa = PBXBuildFile; fileRef = D29C0261EDC6471AB1576B4E /* CDVSplashScreen.m */; };
		0F54D8AB09C44A8787809521 /* CDVViewController+SplashScreen.m in Sources */ = {isa = PBXBuildFile; fileRef = 375E0B0D7CA8432CBC13E918 /* CDVViewController+SplashScreen.m */; };
		4B8FC949017F445DA186076D /* CDVStatusBar.m in Sources */ = {isa = PBXBuildFile; fileRef = 76F527D239964F29B762F468 /* CDVStatusBar.m */; };
		91495E587F684F908FBCB4F4 /* CDVVibration.m in Sources */ = {isa = PBXBuildFile; fileRef = F4E30C120DE2492895A3663F /* CDVVibration.m */; };
/* End PBXBuildFile section */

/* Begin PBXContainerItemProxy section */
		301BF534109A57CC0062928A /* PBXContainerItemProxy */ = {
			isa = PBXContainerItemProxy;
			containerPortal = 301BF52D109A57CC0062928A /* CordovaLib.xcodeproj */;
			proxyType = 2;
			remoteGlobalIDString = D2AAC07E0554694100DB518D;
			remoteInfo = CordovaLib;
		};
		301BF550109A68C00062928A /* PBXContainerItemProxy */ = {
			isa = PBXContainerItemProxy;
			containerPortal = 301BF52D109A57CC0062928A /* CordovaLib.xcodeproj */;
			proxyType = 1;
			remoteGlobalIDString = D2AAC07D0554694100DB518D;
			remoteInfo = CordovaLib;
		};
/* End PBXContainerItemProxy section */

/* Begin PBXFileReference section */
		0207DA571B56EA530066E2B4 /* Images.xcassets */ = {isa = PBXFileReference; lastKnownFileType = folder.assetcatalog; name = Images.xcassets; path = "Jumb-lo-tron 1.0/Images.xcassets"; sourceTree = SOURCE_ROOT; };
		1D3623240D0F684500981E51 /* AppDelegate.h */ = {isa = PBXFileReference; fileEncoding = 4; lastKnownFileType = sourcecode.c.h; path = AppDelegate.h; sourceTree = "<group>"; };
		1D3623250D0F684500981E51 /* AppDelegate.m */ = {isa = PBXFileReference; fileEncoding = 4; lastKnownFileType = sourcecode.c.objc; path = AppDelegate.m; sourceTree = "<group>"; };
		1D6058910D05DD3D006BFB54 /* Jumb-lo-tron 1.0.app */ = {isa = PBXFileReference; explicitFileType = wrapper.application; includeInIndex = 0; path = "Jumb-lo-tron 1.0.app"; sourceTree = BUILT_PRODUCTS_DIR; };
		29B97316FDCFA39411CA2CEA /* main.m */ = {isa = PBXFileReference; fileEncoding = 4; lastKnownFileType = sourcecode.c.objc; path = main.m; sourceTree = "<group>"; };
		301BF52D109A57CC0062928A /* CordovaLib.xcodeproj */ = {isa = PBXFileReference; lastKnownFileType = "wrapper.pb-project"; path = CordovaLib/CordovaLib.xcodeproj; sourceTree = "<group>"; };
		301BF56E109A69640062928A /* www */ = {isa = PBXFileReference; lastKnownFileType = folder; path = www; sourceTree = SOURCE_ROOT; };
		302D95EE14D2391D003F00A1 /* MainViewController.h */ = {isa = PBXFileReference; fileEncoding = 4; lastKnownFileType = sourcecode.c.h; path = MainViewController.h; sourceTree = "<group>"; };
		302D95EF14D2391D003F00A1 /* MainViewController.m */ = {isa = PBXFileReference; fileEncoding = 4; lastKnownFileType = sourcecode.c.objc; path = MainViewController.m; sourceTree = "<group>"; };
		302D95F014D2391D003F00A1 /* MainViewController.xib */ = {isa = PBXFileReference; fileEncoding = 4; lastKnownFileType = file.xib; path = MainViewController.xib; sourceTree = "<group>"; };
		3047A50F1AB8059700498E2A /* build-debug.xcconfig */ = {isa = PBXFileReference; fileEncoding = 4; lastKnownFileType = text.xcconfig; name = "build-debug.xcconfig"; path = cordova/build-debug.xcconfig; sourceTree = SOURCE_ROOT; };
		3047A5101AB8059700498E2A /* build-release.xcconfig */ = {isa = PBXFileReference; fileEncoding = 4; lastKnownFileType = text.xcconfig; name = "build-release.xcconfig"; path = cordova/build-release.xcconfig; sourceTree = SOURCE_ROOT; };
		3047A5111AB8059700498E2A /* build.xcconfig */ = {isa = PBXFileReference; fileEncoding = 4; lastKnownFileType = text.xcconfig; name = build.xcconfig; path = cordova/build.xcconfig; sourceTree = SOURCE_ROOT; };
		32CA4F630368D1EE00C91783 /* Jumb-lo-tron 1.0-Prefix.pch */ = {isa = PBXFileReference; fileEncoding = 4; lastKnownFileType = sourcecode.c.h; path = "Jumb-lo-tron 1.0-Prefix.pch"; sourceTree = "<group>"; };
		6AFF5BF81D6E424B00AB3073 /* CDVLaunchScreen.storyboard */ = {isa = PBXFileReference; fileEncoding = 4; lastKnownFileType = file.storyboard; name = CDVLaunchScreen.storyboard; path = "Jumb-lo-tron 1.0/CDVLaunchScreen.storyboard"; sourceTree = SOURCE_ROOT; };
		8D1107310486CEB800E47090 /* Jumb-lo-tron 1.0-Info.plist */ = {isa = PBXFileReference; fileEncoding = 4; lastKnownFileType = text.plist.xml; name = "Jumb-lo-tron 1.0-Info.plist"; path = "Jumb-lo-tron 1.0/Jumb-lo-tron 1.0-Info.plist"; plistStructureDefinitionIdentifier = "com.apple.xcode.plist.structure-definition.iphone.info-plist"; sourceTree = SOURCE_ROOT; };
		EB87FDF31871DA8E0020F90C /* www */ = {isa = PBXFileReference; lastKnownFileType = folder; name = www; path = ../../www; sourceTree = "<group>"; };
		EB87FDF41871DAF40020F90C /* config.xml */ = {isa = PBXFileReference; lastKnownFileType = text.xml; name = config.xml; path = ../../config.xml; sourceTree = "<group>"; };
		F840E1F0165FE0F500CFE078 /* config.xml */ = {isa = PBXFileReference; lastKnownFileType = text.xml; name = config.xml; path = "Jumb-lo-tron 1.0/config.xml"; sourceTree = "<group>"; };
		ED33DF2A687741AEAF9F8254 /* Bridging-Header.h */ = {isa = PBXFileReference; fileEncoding = 4; lastKnownFileType = sourcecode.c.h; name = "Bridging-Header.h"; path = "Bridging-Header.h"; sourceTree = "<group>"; };
		3B57F0E73297437C8C4DD6BF /* CDVBattery.m */ = {isa = PBXFileReference; name = "CDVBattery.m"; path = "cordova-plugin-battery-status/CDVBattery.m"; sourceTree = "<group>"; fileEncoding = 4; lastKnownFileType = sourcecode.c.objc; explicitFileType = undefined; includeInIndex = 0; };
		8816F7AAE27F43E8BF175BD3 /* CDVBattery.h */ = {isa = PBXFileReference; name = "CDVBattery.h"; path = "cordova-plugin-battery-status/CDVBattery.h"; sourceTree = "<group>"; fileEncoding = 4; lastKnownFileType = sourcecode.c.h; explicitFileType = undefined; includeInIndex = 0; };
		65E39CF41B4A42549C66B23D /* UIImage+CropScaleOrientation.m */ = {isa = PBXFileReference; name = "UIImage+CropScaleOrientation.m"; path = "cordova-plugin-camera/UIImage+CropScaleOrientation.m"; sourceTree = "<group>"; fileEncoding = 4; lastKnownFileType = sourcecode.c.objc; explicitFileType = undefined; includeInIndex = 0; };
		9C9E2BF41C6B4DB3ACF257F8 /* CDVCamera.m */ = {isa = PBXFileReference; name = "CDVCamera.m"; path = "cordova-plugin-camera/CDVCamera.m"; sourceTree = "<group>"; fileEncoding = 4; lastKnownFileType = sourcecode.c.objc; explicitFileType = undefined; includeInIndex = 0; };
		5A60EDA7480F4D9681BCABA4 /* CDVJpegHeaderWriter.m */ = {isa = PBXFileReference; name = "CDVJpegHeaderWriter.m"; path = "cordova-plugin-camera/CDVJpegHeaderWriter.m"; sourceTree = "<group>"; fileEncoding = 4; lastKnownFileType = sourcecode.c.objc; explicitFileType = undefined; includeInIndex = 0; };
		7E75F2AB65A4411B9CA86944 /* UIImage+CropScaleOrientation.h */ = {isa = PBXFileReference; name = "UIImage+CropScaleOrientation.h"; path = "cordova-plugin-camera/UIImage+CropScaleOrientation.h"; sourceTree = "<group>"; fileEncoding = 4; lastKnownFileType = sourcecode.c.h; explicitFileType = undefined; includeInIndex = 0; };
		71B8B4C8840242339C77EBFA /* CDVCamera.h */ = {isa = PBXFileReference; name = "CDVCamera.h"; path = "cordova-plugin-camera/CDVCamera.h"; sourceTree = "<group>"; fileEncoding = 4; lastKnownFileType = sourcecode.c.h; explicitFileType = undefined; includeInIndex = 0; };
		51385DBF57F0405ABB7C1891 /* CDVJpegHeaderWriter.h */ = {isa = PBXFileReference; name = "CDVJpegHeaderWriter.h"; path = "cordova-plugin-camera/CDVJpegHeaderWriter.h"; sourceTree = "<group>"; fileEncoding = 4; lastKnownFileType = sourcecode.c.h; explicitFileType = undefined; includeInIndex = 0; };
		701A0E11021743A6AFA0C48A /* CDVExif.h */ = {isa = PBXFileReference; name = "CDVExif.h"; path = "cordova-plugin-camera/CDVExif.h"; sourceTree = "<group>"; fileEncoding = 4; lastKnownFileType = sourcecode.c.h; explicitFileType = undefined; includeInIndex = 0; };
		2EA18D23E53245BBABB35EBE /* ImageIO.framework */ = {isa = PBXFileReference; name = "ImageIO.framework"; path = "System/Library/Frameworks/ImageIO.framework"; sourceTree = SDKROOT; fileEncoding = undefined; lastKnownFileType = wrapper.framework; explicitFileType = undefined; includeInIndex = 0; };
		381338312F0D42F08924A0FA /* CoreLocation.framework */ = {isa = PBXFileReference; name = "CoreLocation.framework"; path = "System/Library/Frameworks/CoreLocation.framework"; sourceTree = SDKROOT; fileEncoding = undefined; lastKnownFileType = wrapper.framework; explicitFileType = undefined; includeInIndex = 0; };
		53B989D290B44BA5A9289790 /* AVFoundation.framework */ = {isa = PBXFileReference; name = "AVFoundation.framework"; path = "System/Library/Frameworks/AVFoundation.framework"; sourceTree = SDKROOT; fileEncoding = undefined; lastKnownFileType = wrapper.framework; explicitFileType = undefined; includeInIndex = 0; };
		6D21B7E65E6A4DAFA59A0175 /* CDVLogger.m */ = {isa = PBXFileReference; name = "CDVLogger.m"; path = "cordova-plugin-console/CDVLogger.m"; sourceTree = "<group>"; fileEncoding = 4; lastKnownFileType = sourcecode.c.objc; explicitFileType = undefined; includeInIndex = 0; };
		0FB528563F7F4657A59E6717 /* CDVLogger.h */ = {isa = PBXFileReference; name = "CDVLogger.h"; path = "cordova-plugin-console/CDVLogger.h"; sourceTree = "<group>"; fileEncoding = 4; lastKnownFileType = sourcecode.c.h; explicitFileType = undefined; includeInIndex = 0; };
		16D2B52F59964477B97517AF /* CDVContacts.m */ = {isa = PBXFileReference; name = "CDVContacts.m"; path = "cordova-plugin-contacts/CDVContacts.m"; sourceTree = "<group>"; fileEncoding = 4; lastKnownFileType = sourcecode.c.objc; explicitFileType = undefined; includeInIndex = 0; };
		1A01DE07B7454D4DB3093D38 /* CDVContact.m */ = {isa = PBXFileReference; name = "CDVContact.m"; path = "cordova-plugin-contacts/CDVContact.m"; sourceTree = "<group>"; fileEncoding = 4; lastKnownFileType = sourcecode.c.objc; explicitFileType = undefined; includeInIndex = 0; };
		AA0B2378AEFF4678AEAD52C4 /* CDVContacts.h */ = {isa = PBXFileReference; name = "CDVContacts.h"; path = "cordova-plugin-contacts/CDVContacts.h"; sourceTree = "<group>"; fileEncoding = 4; lastKnownFileType = sourcecode.c.h; explicitFileType = undefined; includeInIndex = 0; };
		9110E151697D477EBF533C44 /* CDVContact.h */ = {isa = PBXFileReference; name = "CDVContact.h"; path = "cordova-plugin-contacts/CDVContact.h"; sourceTree = "<group>"; fileEncoding = 4; lastKnownFileType = sourcecode.c.h; explicitFileType = undefined; includeInIndex = 0; };
		1FAE51D3D1BD48A08EC59D02 /* AddressBook.framework */ = {isa = PBXFileReference; name = "AddressBook.framework"; path = "System/Library/Frameworks/AddressBook.framework"; sourceTree = SDKROOT; fileEncoding = undefined; lastKnownFileType = wrapper.framework; explicitFileType = undefined; includeInIndex = 0; };
		D6FAC4172FDF40388DEE3CFE /* AddressBookUI.framework */ = {isa = PBXFileReference; name = "AddressBookUI.framework"; path = "System/Library/Frameworks/AddressBookUI.framework"; sourceTree = SDKROOT; fileEncoding = undefined; lastKnownFileType = wrapper.framework; explicitFileType = undefined; includeInIndex = 0; };
		9D351C851247474DB4E0727F /* CDVDevice.m */ = {isa = PBXFileReference; name = "CDVDevice.m"; path = "cordova-plugin-device/CDVDevice.m"; sourceTree = "<group>"; fileEncoding = 4; lastKnownFileType = sourcecode.c.objc; explicitFileType = undefined; includeInIndex = 0; };
		AD7E161F92434DEDBEFB8D11 /* CDVDevice.h */ = {isa = PBXFileReference; name = "CDVDevice.h"; path = "cordova-plugin-device/CDVDevice.h"; sourceTree = "<group>"; fileEncoding = 4; lastKnownFileType = sourcecode.c.h; explicitFileType = undefined; includeInIndex = 0; };
		36E01A4EADBF4939B114E5E9 /* libz.tbd */ = {isa = PBXFileReference; name = "libz.tbd"; path = "usr/lib/libz.tbd"; sourceTree = SDKROOT; fileEncoding = undefined; lastKnownFileType = sourcecode.text-based-dylib-definition; explicitFileType = undefined; includeInIndex = 0; };
		1DBD72A76A444A6884EEB659 /* CDVAccelerometer.m */ = {isa = PBXFileReference; name = "CDVAccelerometer.m"; path = "cordova-plugin-device-motion/CDVAccelerometer.m"; sourceTree = "<group>"; fileEncoding = 4; lastKnownFileType = sourcecode.c.objc; explicitFileType = undefined; includeInIndex = 0; };
		DD8911FC4046443785B885C1 /* CDVAccelerometer.h */ = {isa = PBXFileReference; name = "CDVAccelerometer.h"; path = "cordova-plugin-device-motion/CDVAccelerometer.h"; sourceTree = "<group>"; fileEncoding = 4; lastKnownFileType = sourcecode.c.h; explicitFileType = undefined; includeInIndex = 0; };
		B0336F9410DE4305911E2D21 /* CoreMotion.framework */ = {isa = PBXFileReference; name = "CoreMotion.framework"; path = "System/Library/Frameworks/CoreMotion.framework"; sourceTree = SDKROOT; fileEncoding = undefined; lastKnownFileType = wrapper.framework; explicitFileType = undefined; includeInIndex = 0; };
		7F0ACAFE10144F23B171DABE /* CDVCompass.m */ = {isa = PBXFileReference; name = "CDVCompass.m"; path = "cordova-plugin-device-orientation/CDVCompass.m"; sourceTree = "<group>"; fileEncoding = 4; lastKnownFileType = sourcecode.c.objc; explicitFileType = undefined; includeInIndex = 0; };
		7EEDED2FBCB443F283C3B5BD /* CDVCompass.h */ = {isa = PBXFileReference; name = "CDVCompass.h"; path = "cordova-plugin-device-orientation/CDVCompass.h"; sourceTree = "<group>"; fileEncoding = 4; lastKnownFileType = sourcecode.c.h; explicitFileType = undefined; includeInIndex = 0; };
		CD658E1024E4469382CA910C /* CDVNotification.m */ = {isa = PBXFileReference; name = "CDVNotification.m"; path = "cordova-plugin-dialogs/CDVNotification.m"; sourceTree = "<group>"; fileEncoding = 4; lastKnownFileType = sourcecode.c.objc; explicitFileType = undefined; includeInIndex = 0; };
		FC3E6C0B7A344B8789D570C8 /* CDVNotification.h */ = {isa = PBXFileReference; name = "CDVNotification.h"; path = "cordova-plugin-dialogs/CDVNotification.h"; sourceTree = "<group>"; fileEncoding = 4; lastKnownFileType = sourcecode.c.h; explicitFileType = undefined; includeInIndex = 0; };
		15EEBB25A18649979605A09C /* CDVNotification.bundle */ = {isa = PBXFileReference; name = "CDVNotification.bundle"; path = "CDVNotification.bundle"; sourceTree = "<group>"; fileEncoding = undefined; lastKnownFileType = wrapper.plug-in; explicitFileType = undefined; includeInIndex = 0; };
		E0C66C7E4A29436385D22207 /* AudioToolbox.framework */ = {isa = PBXFileReference; name = "AudioToolbox.framework"; path = "System/Library/Frameworks/AudioToolbox.framework"; sourceTree = SDKROOT; fileEncoding = undefined; lastKnownFileType = wrapper.framework; explicitFileType = undefined; includeInIndex = 0; };
		03C0473A2A984A359E828924 /* CDVFile.m */ = {isa = PBXFileReference; name = "CDVFile.m"; path = "cordova-plugin-file/CDVFile.m"; sourceTree = "<group>"; fileEncoding = 4; lastKnownFileType = sourcecode.c.objc; explicitFileType = undefined; includeInIndex = 0; };
		0F060E9DB7FB44C0A7693889 /* CDVLocalFilesystem.m */ = {isa = PBXFileReference; name = "CDVLocalFilesystem.m"; path = "cordova-plugin-file/CDVLocalFilesystem.m"; sourceTree = "<group>"; fileEncoding = 4; lastKnownFileType = sourcecode.c.objc; explicitFileType = undefined; includeInIndex = 0; };
		2BD8316C05A34DD78CFAE5D4 /* CDVAssetLibraryFilesystem.m */ = {isa = PBXFileReference; name = "CDVAssetLibraryFilesystem.m"; path = "cordova-plugin-file/CDVAssetLibraryFilesystem.m"; sourceTree = "<group>"; fileEncoding = 4; lastKnownFileType = sourcecode.c.objc; explicitFileType = undefined; includeInIndex = 0; };
		ACE477A0AE8043518B107B3F /* CDVFile.h */ = {isa = PBXFileReference; name = "CDVFile.h"; path = "cordova-plugin-file/CDVFile.h"; sourceTree = "<group>"; fileEncoding = 4; lastKnownFileType = sourcecode.c.h; explicitFileType = undefined; includeInIndex = 0; };
		D97178939EB54B6FB9A9C302 /* CDVLocalFilesystem.h */ = {isa = PBXFileReference; name = "CDVLocalFilesystem.h"; path = "cordova-plugin-file/CDVLocalFilesystem.h"; sourceTree = "<group>"; fileEncoding = 4; lastKnownFileType = sourcecode.c.h; explicitFileType = undefined; includeInIndex = 0; };
		F7D7EB628410493DA6825E45 /* CDVAssetLibraryFilesystem.h */ = {isa = PBXFileReference; name = "CDVAssetLibraryFilesystem.h"; path = "cordova-plugin-file/CDVAssetLibraryFilesystem.h"; sourceTree = "<group>"; fileEncoding = 4; lastKnownFileType = sourcecode.c.h; explicitFileType = undefined; includeInIndex = 0; };
		424C9B847E5D4045AEA53F19 /* CDVFileTransfer.m */ = {isa = PBXFileReference; name = "CDVFileTransfer.m"; path = "cordova-plugin-file-transfer/CDVFileTransfer.m"; sourceTree = "<group>"; fileEncoding = 4; lastKnownFileType = sourcecode.c.objc; explicitFileType = undefined; includeInIndex = 0; };
		3272A7E3F3C34635BA05240F /* CDVFileTransfer.h */ = {isa = PBXFileReference; name = "CDVFileTransfer.h"; path = "cordova-plugin-file-transfer/CDVFileTransfer.h"; sourceTree = "<group>"; fileEncoding = 4; lastKnownFileType = sourcecode.c.h; explicitFileType = undefined; includeInIndex = 0; };
		1239B7D36ADA40CF90400C2E /* CDVLocation.m */ = {isa = PBXFileReference; name = "CDVLocation.m"; path = "cordova-plugin-geolocation/CDVLocation.m"; sourceTree = "<group>"; fileEncoding = 4; lastKnownFileType = sourcecode.c.objc; explicitFileType = undefined; includeInIndex = 0; };
		0FB88C8CCBAA4A338932CAC8 /* CDVLocation.h */ = {isa = PBXFileReference; name = "CDVLocation.h"; path = "cordova-plugin-geolocation/CDVLocation.h"; sourceTree = "<group>"; fileEncoding = 4; lastKnownFileType = sourcecode.c.h; explicitFileType = undefined; includeInIndex = 0; };
		2EF7087B606F416EB1E4E92C /* CDVGlobalization.m */ = {isa = PBXFileReference; name = "CDVGlobalization.m"; path = "cordova-plugin-globalization/CDVGlobalization.m"; sourceTree = "<group>"; fileEncoding = 4; lastKnownFileType = sourcecode.c.objc; explicitFileType = undefined; includeInIndex = 0; };
		5DEE5E7780AE43C2A11F5EE8 /* CDVGlobalization.h */ = {isa = PBXFileReference; name = "CDVGlobalization.h"; path = "cordova-plugin-globalization/CDVGlobalization.h"; sourceTree = "<group>"; fileEncoding = 4; lastKnownFileType = sourcecode.c.h; explicitFileType = undefined; includeInIndex = 0; };
		74673138847A4851B248BCB9 /* CDVInAppBrowser.m */ = {isa = PBXFileReference; name = "CDVInAppBrowser.m"; path = "cordova-plugin-inappbrowser/CDVInAppBrowser.m"; sourceTree = "<group>"; fileEncoding = 4; lastKnownFileType = sourcecode.c.objc; explicitFileType = undefined; includeInIndex = 0; };
		195A0E03A4FD4E73B0F42A06 /* CDVInAppBrowser.h */ = {isa = PBXFileReference; name = "CDVInAppBrowser.h"; path = "cordova-plugin-inappbrowser/CDVInAppBrowser.h"; sourceTree = "<group>"; fileEncoding = 4; lastKnownFileType = sourcecode.c.h; explicitFileType = undefined; includeInIndex = 0; };
		A9360243898D46DC8F04392E /* CDVSound.m */ = {isa = PBXFileReference; name = "CDVSound.m"; path = "cordova-plugin-media/CDVSound.m"; sourceTree = "<group>"; fileEncoding = 4; lastKnownFileType = sourcecode.c.objc; explicitFileType = undefined; includeInIndex = 0; };
		7DEABA4DDEE342A3A660B69F /* CDVSound.h */ = {isa = PBXFileReference; name = "CDVSound.h"; path = "cordova-plugin-media/CDVSound.h"; sourceTree = "<group>"; fileEncoding = 4; lastKnownFileType = sourcecode.c.h; explicitFileType = undefined; includeInIndex = 0; };
		333BF0CEB4974EB0882A6AA5 /* CDVCapture.m */ = {isa = PBXFileReference; name = "CDVCapture.m"; path = "cordova-plugin-media-capture/CDVCapture.m"; sourceTree = "<group>"; fileEncoding = 4; lastKnownFileType = sourcecode.c.objc; explicitFileType = undefined; includeInIndex = 0; };
		4D7F72AB863C4D0C9DA0116E /* CDVCapture.h */ = {isa = PBXFileReference; name = "CDVCapture.h"; path = "cordova-plugin-media-capture/CDVCapture.h"; sourceTree = "<group>"; fileEncoding = 4; lastKnownFileType = sourcecode.c.h; explicitFileType = undefined; includeInIndex = 0; };
		D583D37C3F314256B464EC08 /* CDVCapture.bundle */ = {isa = PBXFileReference; name = "CDVCapture.bundle"; path = "CDVCapture.bundle"; sourceTree = "<group>"; fileEncoding = undefined; lastKnownFileType = wrapper.plug-in; explicitFileType = undefined; includeInIndex = 0; };
		F20701AA4DC1442D982110B9 /* CDVConnection.m */ = {isa = PBXFileReference; name = "CDVConnection.m"; path = "cordova-plugin-network-information/CDVConnection.m"; sourceTree = "<group>"; fileEncoding = 4; lastKnownFileType = sourcecode.c.objc; explicitFileType = undefined; includeInIndex = 0; };
		DE35F29557C647EAB0ED4572 /* CDVReachability.m */ = {isa = PBXFileReference; name = "CDVReachability.m"; path = "cordova-plugin-network-information/CDVReachability.m"; sourceTree = "<group>"; fileEncoding = 4; lastKnownFileType = sourcecode.c.objc; explicitFileType = undefined; includeInIndex = 0; };
		90AF5AA8C5264B12BBBC42B6 /* CDVConnection.h */ = {isa = PBXFileReference; name = "CDVConnection.h"; path = "cordova-plugin-network-information/CDVConnection.h"; sourceTree = "<group>"; fileEncoding = 4; lastKnownFileType = sourcecode.c.h; explicitFileType = undefined; includeInIndex = 0; };
		DFBBD32DF6EA4DDFBDF9B463 /* CDVReachability.h */ = {isa = PBXFileReference; name = "CDVReachability.h"; path = "cordova-plugin-network-information/CDVReachability.h"; sourceTree = "<group>"; fileEncoding = 4; lastKnownFileType = sourcecode.c.h; explicitFileType = undefined; includeInIndex = 0; };
		2694DCDEC79E44309D571AE0 /* SystemConfiguration.framework */ = {isa = PBXFileReference; name = "SystemConfiguration.framework"; path = "System/Library/Frameworks/SystemConfiguration.framework"; sourceTree = SDKROOT; fileEncoding = undefined; lastKnownFileType = wrapper.framework; explicitFileType = undefined; includeInIndex = 0; };
		1A5B5EF023CE4ADA8438D864 /* CoreTelephony.framework */ = {isa = PBXFileReference; name = "CoreTelephony.framework"; path = "System/Library/Frameworks/CoreTelephony.framework"; sourceTree = SDKROOT; fileEncoding = undefined; lastKnownFileType = wrapper.framework; explicitFileType = undefined; includeInIndex = 0; };
		D29C0261EDC6471AB1576B4E /* CDVSplashScreen.m */ = {isa = PBXFileReference; name = "CDVSplashScreen.m"; path = "cordova-plugin-splashscreen/CDVSplashScreen.m"; sourceTree = "<group>"; fileEncoding = 4; lastKnownFileType = sourcecode.c.objc; explicitFileType = undefined; includeInIndex = 0; };
		375E0B0D7CA8432CBC13E918 /* CDVViewController+SplashScreen.m */ = {isa = PBXFileReference; name = "CDVViewController+SplashScreen.m"; path = "cordova-plugin-splashscreen/CDVViewController+SplashScreen.m"; sourceTree = "<group>"; fileEncoding = 4; lastKnownFileType = sourcecode.c.objc; explicitFileType = undefined; includeInIndex = 0; };
		B58819188C204517B681F3BD /* CDVSplashScreen.h */ = {isa = PBXFileReference; name = "CDVSplashScreen.h"; path = "cordova-plugin-splashscreen/CDVSplashScreen.h"; sourceTree = "<group>"; fileEncoding = 4; lastKnownFileType = sourcecode.c.h; explicitFileType = undefined; includeInIndex = 0; };
		9757A5471D244A6591B33B56 /* CDVViewController+SplashScreen.h */ = {isa = PBXFileReference; name = "CDVViewController+SplashScreen.h"; path = "cordova-plugin-splashscreen/CDVViewController+SplashScreen.h"; sourceTree = "<group>"; fileEncoding = 4; lastKnownFileType = sourcecode.c.h; explicitFileType = undefined; includeInIndex = 0; };
		76F527D239964F29B762F468 /* CDVStatusBar.m */ = {isa = PBXFileReference; name = "CDVStatusBar.m"; path = "cordova-plugin-statusbar/CDVStatusBar.m"; sourceTree = "<group>"; fileEncoding = 4; lastKnownFileType = sourcecode.c.objc; explicitFileType = undefined; includeInIndex = 0; };
		F93421960EB547EF807716F8 /* CDVStatusBar.h */ = {isa = PBXFileReference; name = "CDVStatusBar.h"; path = "cordova-plugin-statusbar/CDVStatusBar.h"; sourceTree = "<group>"; fileEncoding = 4; lastKnownFileType = sourcecode.c.h; explicitFileType = undefined; includeInIndex = 0; };
		F4E30C120DE2492895A3663F /* CDVVibration.m */ = {isa = PBXFileReference; name = "CDVVibration.m"; path = "cordova-plugin-vibration/CDVVibration.m"; sourceTree = "<group>"; fileEncoding = 4; lastKnownFileType = sourcecode.c.objc; explicitFileType = undefined; includeInIndex = 0; };
		D0B43B476D3449A0B6864B31 /* CDVVibration.h */ = {isa = PBXFileReference; name = "CDVVibration.h"; path = "cordova-plugin-vibration/CDVVibration.h"; sourceTree = "<group>"; fileEncoding = 4; lastKnownFileType = sourcecode.c.h; explicitFileType = undefined; includeInIndex = 0; };
/* End PBXFileReference section */

/* Begin PBXFrameworksBuildPhase section */
		1D60588F0D05DD3D006BFB54 /* Frameworks */ = {
			isa = PBXFrameworksBuildPhase;
			buildActionMask = 2147483647;
			files = (
				301BF552109A68D80062928A /* libCordova.a in Frameworks */,
				8943C42BA747413A8DE7B0CC /* ImageIO.framework in Frameworks */,
				8575DD516C6548D491C334F4 /* CoreLocation.framework in Frameworks */,
				963FD4F0DD324CA7B31F8BCC /* AVFoundation.framework in Frameworks */,
				F7306F1A9ABE459BBFFA26A5 /* AddressBook.framework in Frameworks */,
				FF5DE46A04DA442FA2D29673 /* AddressBookUI.framework in Frameworks */,
				329B746A6CE14B8AB0FB4EE5 /* libz.tbd in Frameworks */,
				FFE512A0557E4DF19BFCF8D0 /* CoreMotion.framework in Frameworks */,
				CA0D56E520904AD1A98D7B93 /* AudioToolbox.framework in Frameworks */,
				9F96A2D6EF104F39BBE020F5 /* SystemConfiguration.framework in Frameworks */,
				E5EE9ED152564BCD96C48953 /* CoreTelephony.framework in Frameworks */,
			);
			runOnlyForDeploymentPostprocessing = 0;
		};
/* End PBXFrameworksBuildPhase section */

/* Begin PBXGroup section */
		080E96DDFE201D6D7F000001 /* Classes */ = {
			isa = PBXGroup;
			children = (
				302D95EE14D2391D003F00A1 /* MainViewController.h */,
				302D95EF14D2391D003F00A1 /* MainViewController.m */,
				302D95F014D2391D003F00A1 /* MainViewController.xib */,
				1D3623240D0F684500981E51 /* AppDelegate.h */,
				1D3623250D0F684500981E51 /* AppDelegate.m */,
			);
			name = Classes;
			path = "Jumb-lo-tron 1.0/Classes";
			sourceTree = SOURCE_ROOT;
		};
		19C28FACFE9D520D11CA2CBB /* Products */ = {
			isa = PBXGroup;
			children = (
				1D6058910D05DD3D006BFB54 /* Jumb-lo-tron 1.0.app */,
			);
			name = Products;
			sourceTree = "<group>";
		};
		29B97314FDCFA39411CA2CEA /* CustomTemplate */ = {
			isa = PBXGroup;
			children = (
				EB87FDF41871DAF40020F90C /* config.xml */,
				EB87FDF31871DA8E0020F90C /* www */,
				EB87FDF11871DA420020F90C /* Staging */,
				301BF52D109A57CC0062928A /* CordovaLib.xcodeproj */,
				080E96DDFE201D6D7F000001 /* Classes */,
				307C750510C5A3420062BCA9 /* Plugins */,
				29B97315FDCFA39411CA2CEA /* Other Sources */,
				29B97317FDCFA39411CA2CEA /* Resources */,
				29B97323FDCFA39411CA2CEA /* Frameworks */,
				19C28FACFE9D520D11CA2CBB /* Products */,
			);
			name = CustomTemplate;
			sourceTree = "<group>";
		};
		29B97315FDCFA39411CA2CEA /* Other Sources */ = {
			isa = PBXGroup;
			children = (
				32CA4F630368D1EE00C91783 /* Jumb-lo-tron 1.0-Prefix.pch */,
				29B97316FDCFA39411CA2CEA /* main.m */,
				ED33DF2A687741AEAF9F8254 /* Bridging-Header.h */,
			);
			name = "Other Sources";
			path = "Jumb-lo-tron 1.0";
			sourceTree = "<group>";
		};
		29B97317FDCFA39411CA2CEA /* Resources */ = {
			isa = PBXGroup;
			children = (
				0207DA571B56EA530066E2B4 /* Images.xcassets */,
				3047A50E1AB8057F00498E2A /* config */,
				8D1107310486CEB800E47090 /* Jumb-lo-tron 1.0-Info.plist */,
				6AFF5BF81D6E424B00AB3073 /* CDVLaunchScreen.storyboard */,
				15EEBB25A18649979605A09C /* CDVNotification.bundle */,
				D583D37C3F314256B464EC08 /* CDVCapture.bundle */,
			);
			name = Resources;
			path = "Jumb-lo-tron 1.0/Resources";
			sourceTree = "<group>";
		};
		29B97323FDCFA39411CA2CEA /* Frameworks */ = {
			isa = PBXGroup;
			children = (
				2EA18D23E53245BBABB35EBE /* ImageIO.framework */,
				381338312F0D42F08924A0FA /* CoreLocation.framework */,
				53B989D290B44BA5A9289790 /* AVFoundation.framework */,
				1FAE51D3D1BD48A08EC59D02 /* AddressBook.framework */,
				D6FAC4172FDF40388DEE3CFE /* AddressBookUI.framework */,
				36E01A4EADBF4939B114E5E9 /* libz.tbd */,
				B0336F9410DE4305911E2D21 /* CoreMotion.framework */,
				E0C66C7E4A29436385D22207 /* AudioToolbox.framework */,
				2694DCDEC79E44309D571AE0 /* SystemConfiguration.framework */,
				1A5B5EF023CE4ADA8438D864 /* CoreTelephony.framework */,
			);
			name = Frameworks;
			sourceTree = "<group>";
		};
		301BF52E109A57CC0062928A /* Products */ = {
			isa = PBXGroup;
			children = (
				301BF535109A57CC0062928A /* libCordova.a */,
			);
			name = Products;
			sourceTree = "<group>";
		};
		3047A50E1AB8057F00498E2A /* config */ = {
			isa = PBXGroup;
			children = (
				3047A50F1AB8059700498E2A /* build-debug.xcconfig */,
				3047A5101AB8059700498E2A /* build-release.xcconfig */,
				3047A5111AB8059700498E2A /* build.xcconfig */,
			);
			name = config;
			sourceTree = "<group>";
		};
		307C750510C5A3420062BCA9 /* Plugins */ = {
			isa = PBXGroup;
			children = (
				3B57F0E73297437C8C4DD6BF /* CDVBattery.m */,
				8816F7AAE27F43E8BF175BD3 /* CDVBattery.h */,
				65E39CF41B4A42549C66B23D /* UIImage+CropScaleOrientation.m */,
				9C9E2BF41C6B4DB3ACF257F8 /* CDVCamera.m */,
				5A60EDA7480F4D9681BCABA4 /* CDVJpegHeaderWriter.m */,
				7E75F2AB65A4411B9CA86944 /* UIImage+CropScaleOrientation.h */,
				71B8B4C8840242339C77EBFA /* CDVCamera.h */,
				51385DBF57F0405ABB7C1891 /* CDVJpegHeaderWriter.h */,
				701A0E11021743A6AFA0C48A /* CDVExif.h */,
				6D21B7E65E6A4DAFA59A0175 /* CDVLogger.m */,
				0FB528563F7F4657A59E6717 /* CDVLogger.h */,
				16D2B52F59964477B97517AF /* CDVContacts.m */,
				1A01DE07B7454D4DB3093D38 /* CDVContact.m */,
				AA0B2378AEFF4678AEAD52C4 /* CDVContacts.h */,
				9110E151697D477EBF533C44 /* CDVContact.h */,
				9D351C851247474DB4E0727F /* CDVDevice.m */,
				AD7E161F92434DEDBEFB8D11 /* CDVDevice.h */,
				1DBD72A76A444A6884EEB659 /* CDVAccelerometer.m */,
				DD8911FC4046443785B885C1 /* CDVAccelerometer.h */,
				7F0ACAFE10144F23B171DABE /* CDVCompass.m */,
				7EEDED2FBCB443F283C3B5BD /* CDVCompass.h */,
				CD658E1024E4469382CA910C /* CDVNotification.m */,
				FC3E6C0B7A344B8789D570C8 /* CDVNotification.h */,
				03C0473A2A984A359E828924 /* CDVFile.m */,
				0F060E9DB7FB44C0A7693889 /* CDVLocalFilesystem.m */,
				2BD8316C05A34DD78CFAE5D4 /* CDVAssetLibraryFilesystem.m */,
				ACE477A0AE8043518B107B3F /* CDVFile.h */,
				D97178939EB54B6FB9A9C302 /* CDVLocalFilesystem.h */,
				F7D7EB628410493DA6825E45 /* CDVAssetLibraryFilesystem.h */,
				424C9B847E5D4045AEA53F19 /* CDVFileTransfer.m */,
				3272A7E3F3C34635BA05240F /* CDVFileTransfer.h */,
				1239B7D36ADA40CF90400C2E /* CDVLocation.m */,
				0FB88C8CCBAA4A338932CAC8 /* CDVLocation.h */,
				2EF7087B606F416EB1E4E92C /* CDVGlobalization.m */,
				5DEE5E7780AE43C2A11F5EE8 /* CDVGlobalization.h */,
				74673138847A4851B248BCB9 /* CDVInAppBrowser.m */,
				195A0E03A4FD4E73B0F42A06 /* CDVInAppBrowser.h */,
				A9360243898D46DC8F04392E /* CDVSound.m */,
				7DEABA4DDEE342A3A660B69F /* CDVSound.h */,
				333BF0CEB4974EB0882A6AA5 /* CDVCapture.m */,
				4D7F72AB863C4D0C9DA0116E /* CDVCapture.h */,
				F20701AA4DC1442D982110B9 /* CDVConnection.m */,
				DE35F29557C647EAB0ED4572 /* CDVReachability.m */,
				90AF5AA8C5264B12BBBC42B6 /* CDVConnection.h */,
				DFBBD32DF6EA4DDFBDF9B463 /* CDVReachability.h */,
				D29C0261EDC6471AB1576B4E /* CDVSplashScreen.m */,
				375E0B0D7CA8432CBC13E918 /* CDVViewController+SplashScreen.m */,
				B58819188C204517B681F3BD /* CDVSplashScreen.h */,
				9757A5471D244A6591B33B56 /* CDVViewController+SplashScreen.h */,
				76F527D239964F29B762F468 /* CDVStatusBar.m */,
				F93421960EB547EF807716F8 /* CDVStatusBar.h */,
				F4E30C120DE2492895A3663F /* CDVVibration.m */,
				D0B43B476D3449A0B6864B31 /* CDVVibration.h */,
			);
			name = Plugins;
			path = "Jumb-lo-tron 1.0/Plugins";
			sourceTree = SOURCE_ROOT;
		};
		EB87FDF11871DA420020F90C /* Staging */ = {
			isa = PBXGroup;
			children = (
				F840E1F0165FE0F500CFE078 /* config.xml */,
				301BF56E109A69640062928A /* www */,
			);
			name = Staging;
			sourceTree = "<group>";
		};
/* End PBXGroup section */

/* Begin PBXNativeTarget section */
		1D6058900D05DD3D006BFB54 /* Jumb-lo-tron 1.0 */ = {
			isa = PBXNativeTarget;
			buildConfigurationList = 1D6058960D05DD3E006BFB54 /* Build configuration list for PBXNativeTarget "Jumb-lo-tron 1.0" */;
			buildPhases = (
				304B58A110DAC018002A0835 /* Copy www directory */,
				1D60588D0D05DD3D006BFB54 /* Resources */,
				1D60588E0D05DD3D006BFB54 /* Sources */,
				1D60588F0D05DD3D006BFB54 /* Frameworks */,
			);
			buildRules = (
			);
			dependencies = (
				301BF551109A68C00062928A /* PBXTargetDependency */,
			);
			name = "Jumb-lo-tron 1.0";
			productName = "Jumb-lo-tron 1.0";
			productReference = 1D6058910D05DD3D006BFB54 /* Jumb-lo-tron 1.0.app */;
			productType = "com.apple.product-type.application";
		};
/* End PBXNativeTarget section */

/* Begin PBXProject section */
		29B97313FDCFA39411CA2CEA /* Project object */ = {
			isa = PBXProject;
			attributes = {
				LastUpgradeCheck = 510;
			};
			buildConfigurationList = C01FCF4E08A954540054247B /* Build configuration list for PBXProject "__NON-CLI__" */;
			compatibilityVersion = "Xcode 3.2";
			developmentRegion = English;
			hasScannedForEncodings = 1;
			mainGroup = 29B97314FDCFA39411CA2CEA /* CustomTemplate */;
			projectDirPath = "";
			projectReferences = (
				{
					ProductGroup = 301BF52E109A57CC0062928A /* Products */;
					ProjectRef = 301BF52D109A57CC0062928A /* CordovaLib.xcodeproj */;
				},
			);
			projectRoot = "";
			targets = (
				1D6058900D05DD3D006BFB54 /* Jumb-lo-tron 1.0 */,
			);
		};
/* End PBXProject section */

/* Begin PBXReferenceProxy section */
		301BF535109A57CC0062928A /* libCordova.a */ = {
			isa = PBXReferenceProxy;
			fileType = archive.ar;
			path = libCordova.a;
			remoteRef = 301BF534109A57CC0062928A /* PBXContainerItemProxy */;
			sourceTree = BUILT_PRODUCTS_DIR;
		};
/* End PBXReferenceProxy section */

/* Begin PBXResourcesBuildPhase section */
		1D60588D0D05DD3D006BFB54 /* Resources */ = {
			isa = PBXResourcesBuildPhase;
			buildActionMask = 2147483647;
			files = (
				302D95F214D2391D003F00A1 /* MainViewController.xib in Resources */,
				0207DA581B56EA530066E2B4 /* Images.xcassets in Resources */,
				6AFF5BF91D6E424B00AB3073 /* CDVLaunchScreen.storyboard in Resources */,
				4C08F69F2D644EA3B8D664CB /* CDVNotification.bundle in Resources */,
				B5C5CDD979B9470C989F64A6 /* CDVCapture.bundle in Resources */,
			);
			runOnlyForDeploymentPostprocessing = 0;
		};
/* End PBXResourcesBuildPhase section */

/* Begin PBXShellScriptBuildPhase section */
		304B58A110DAC018002A0835 /* Copy www directory */ = {
			isa = PBXShellScriptBuildPhase;
			buildActionMask = 2147483647;
			files = (
			);
			inputPaths = (
			);
			name = "Copy www directory";
			outputPaths = (
			);
			runOnlyForDeploymentPostprocessing = 0;
			shellPath = /bin/sh;
			shellScript = "NODEJS_PATH=/usr/local/bin; NVM_NODE_PATH=~/.nvm/versions/node/`nvm version 2>/dev/null`/bin; N_NODE_PATH=`find /usr/local/n/versions/node/* -maxdepth 0 -type d 2>/dev/null | tail -1`/bin; XCODE_NODE_PATH=`xcode-select --print-path`/usr/share/xcs/Node/bin; PATH=$NODEJS_PATH:$NVM_NODE_PATH:$N_NODE_PATH:$XCODE_NODE_PATH:$PATH && node cordova/lib/copy-www-build-step.js";
			showEnvVarsInLog = 0;
		};
/* End PBXShellScriptBuildPhase section */

/* Begin PBXSourcesBuildPhase section */
		1D60588E0D05DD3D006BFB54 /* Sources */ = {
			isa = PBXSourcesBuildPhase;
			buildActionMask = 2147483647;
			files = (
				1D60589B0D05DD56006BFB54 /* main.m in Sources */,
				1D3623260D0F684500981E51 /* AppDelegate.m in Sources */,
				302D95F114D2391D003F00A1 /* MainViewController.m in Sources */,
				6C06BE0580174FB680AA0404 /* CDVBattery.m in Sources */,
				B6B44EA495AC40A285C3B506 /* UIImage+CropScaleOrientation.m in Sources */,
				848179E1C1D24B7BB63A28D3 /* CDVCamera.m in Sources */,
				26C8E5FA719C4404B8EAF5E0 /* CDVJpegHeaderWriter.m in Sources */,
				B900D78DCBCD4536A5193246 /* CDVLogger.m in Sources */,
				0E8F02B03E3B469383759F87 /* CDVContacts.m in Sources */,
				AFA082F756044386A2A2A48C /* CDVContact.m in Sources */,
				41F852CC4F8740C0986CDA8E /* CDVDevice.m in Sources */,
				7203A48D7D2B4720B1AC911E /* CDVAccelerometer.m in Sources */,
				4F78004D54D847F1BF6C22B2 /* CDVCompass.m in Sources */,
				12FE7AB217B34D3280375907 /* CDVNotification.m in Sources */,
				7FB848CF79AA44B6AA3F1523 /* CDVFile.m in Sources */,
				3F7B7A73707A411CBA20CF3E /* CDVLocalFilesystem.m in Sources */,
				ACAE2AAACE6A45E698DF2793 /* CDVAssetLibraryFilesystem.m in Sources */,
				F754D71319084BB2BD0EDF92 /* CDVFileTransfer.m in Sources */,
				9E4FE3D4F63A439CBC7968C2 /* CDVLocation.m in Sources */,
				4E902B305C3148189D091688 /* CDVGlobalization.m in Sources */,
				73BBB60BDA2847C7BCFC58FB /* CDVInAppBrowser.m in Sources */,
				004056D7AD6E4E9F90C79474 /* CDVSound.m in Sources */,
				61BD36D47F0E4E01B2418F8D /* CDVCapture.m in Sources */,
				19D76DA0156A416C88F826CF /* CDVConnection.m in Sources */,
				E724F369C3AE4723A3BF0D2E /* CDVReachability.m in Sources */,
				C8F233D21C31418D83F573D9 /* CDVSplashScreen.m in Sources */,
				0F54D8AB09C44A8787809521 /* CDVViewController+SplashScreen.m in Sources */,
				4B8FC949017F445DA186076D /* CDVStatusBar.m in Sources */,
				91495E587F684F908FBCB4F4 /* CDVVibration.m in Sources */,
			);
			runOnlyForDeploymentPostprocessing = 0;
		};
/* End PBXSourcesBuildPhase section */

/* Begin PBXTargetDependency section */
		301BF551109A68C00062928A /* PBXTargetDependency */ = {
			isa = PBXTargetDependency;
			name = CordovaLib;
			targetProxy = 301BF550109A68C00062928A /* PBXContainerItemProxy */;
		};
/* End PBXTargetDependency section */

/* Begin XCBuildConfiguration section */
		1D6058940D05DD3E006BFB54 /* Debug */ = {
			isa = XCBuildConfiguration;
			baseConfigurationReference = 3047A50F1AB8059700498E2A /* build-debug.xcconfig */;
			buildSettings = {
				ALWAYS_SEARCH_USER_PATHS = NO;
				ASSETCATALOG_COMPILER_APPICON_NAME = AppIcon;
				ASSETCATALOG_COMPILER_LAUNCHIMAGE_NAME = LaunchImage;
				CLANG_ENABLE_MODULES = YES;
				CLANG_ENABLE_OBJC_ARC = YES;
				COPY_PHASE_STRIP = NO;
				GCC_DYNAMIC_NO_PIC = NO;
				GCC_OPTIMIZATION_LEVEL = 0;
				GCC_PRECOMPILE_PREFIX_HEADER = YES;
				GCC_PREFIX_HEADER = "Jumb-lo-tron 1.0/Jumb-lo-tron 1.0-Prefix.pch";
				GCC_THUMB_SUPPORT = NO;
				GCC_VERSION = "";
				INFOPLIST_FILE = "Jumb-lo-tron 1.0/Jumb-lo-tron 1.0-Info.plist";
				IPHONEOS_DEPLOYMENT_TARGET = 9.0;
				LD_RUNPATH_SEARCH_PATHS = "@executable_path/Frameworks";
				TARGETED_DEVICE_FAMILY = "1,2";
				PRODUCT_NAME = "Jumb-lo-tron 1.0";
			};
			name = Debug;
		};
		1D6058950D05DD3E006BFB54 /* Release */ = {
			isa = XCBuildConfiguration;
			baseConfigurationReference = 3047A5101AB8059700498E2A /* build-release.xcconfig */;
			buildSettings = {
				ALWAYS_SEARCH_USER_PATHS = NO;
				ASSETCATALOG_COMPILER_APPICON_NAME = AppIcon;
				ASSETCATALOG_COMPILER_LAUNCHIMAGE_NAME = LaunchImage;
				CLANG_ENABLE_MODULES = YES;
				CLANG_ENABLE_OBJC_ARC = YES;
				COPY_PHASE_STRIP = YES;
				GCC_PRECOMPILE_PREFIX_HEADER = YES;
				GCC_PREFIX_HEADER = "Jumb-lo-tron 1.0/Jumb-lo-tron 1.0-Prefix.pch";
				GCC_THUMB_SUPPORT = NO;
				GCC_VERSION = "";
				INFOPLIST_FILE = "Jumb-lo-tron 1.0/Jumb-lo-tron 1.0-Info.plist";
				IPHONEOS_DEPLOYMENT_TARGET = 9.0;
				LD_RUNPATH_SEARCH_PATHS = "@executable_path/Frameworks";
				TARGETED_DEVICE_FAMILY = "1,2";
				PRODUCT_NAME = "Jumb-lo-tron 1.0";
			};
			name = Release;
		};
		C01FCF4F08A954540054247B /* Debug */ = {
			isa = XCBuildConfiguration;
			baseConfigurationReference = 3047A5111AB8059700498E2A /* build.xcconfig */;
			buildSettings = {
				CLANG_ENABLE_MODULES = YES;
				CLANG_ENABLE_OBJC_ARC = YES;
				CLANG_WARN_BOOL_CONVERSION = YES;
				CLANG_WARN_CONSTANT_CONVERSION = YES;
				CLANG_WARN_EMPTY_BODY = YES;
				CLANG_WARN_ENUM_CONVERSION = YES;
				CLANG_WARN_INT_CONVERSION = YES;
				CLANG_WARN__DUPLICATE_METHOD_MATCH = YES;
				GCC_C_LANGUAGE_STANDARD = c99;
				GCC_THUMB_SUPPORT = NO;
				GCC_VERSION = "";
				GCC_WARN_ABOUT_RETURN_TYPE = YES;
				GCC_WARN_UNDECLARED_SELECTOR = YES;
				GCC_WARN_UNINITIALIZED_AUTOS = YES;
				GCC_WARN_UNUSED_FUNCTION = YES;
				GCC_WARN_UNUSED_VARIABLE = YES;
				ONLY_ACTIVE_ARCH = YES;
				SDKROOT = iphoneos;
				SKIP_INSTALL = NO;
				ASSETCATALOG_COMPILER_LAUNCHIMAGE_NAME = LaunchImage;
			};
			name = Debug;
		};
		C01FCF5008A954540054247B /* Release */ = {
			isa = XCBuildConfiguration;
			baseConfigurationReference = 3047A5111AB8059700498E2A /* build.xcconfig */;
			buildSettings = {
				CLANG_ENABLE_MODULES = YES;
				CLANG_ENABLE_OBJC_ARC = YES;
				CLANG_WARN_BOOL_CONVERSION = YES;
				CLANG_WARN_CONSTANT_CONVERSION = YES;
				CLANG_WARN_EMPTY_BODY = YES;
				CLANG_WARN_ENUM_CONVERSION = YES;
				CLANG_WARN_INT_CONVERSION = YES;
				CLANG_WARN__DUPLICATE_METHOD_MATCH = YES;
				GCC_C_LANGUAGE_STANDARD = c99;
				GCC_THUMB_SUPPORT = NO;
				GCC_VERSION = "";
				GCC_WARN_ABOUT_RETURN_TYPE = YES;
				GCC_WARN_UNDECLARED_SELECTOR = YES;
				GCC_WARN_UNINITIALIZED_AUTOS = YES;
				GCC_WARN_UNUSED_FUNCTION = YES;
				GCC_WARN_UNUSED_VARIABLE = YES;
				SDKROOT = iphoneos;
				SKIP_INSTALL = NO;
				ASSETCATALOG_COMPILER_LAUNCHIMAGE_NAME = LaunchImage;
			};
			name = Release;
		};
/* End XCBuildConfiguration section */

/* Begin XCConfigurationList section */
		1D6058960D05DD3E006BFB54 /* Build configuration list for PBXNativeTarget "Jumb-lo-tron 1.0" */ = {
			isa = XCConfigurationList;
			buildConfigurations = (
				1D6058940D05DD3E006BFB54 /* Debug */,
				1D6058950D05DD3E006BFB54 /* Release */,
			);
			defaultConfigurationIsVisible = 0;
			defaultConfigurationName = Release;
		};
		C01FCF4E08A954540054247B /* Build configuration list for PBXProject "__NON-CLI__" */ = {
			isa = XCConfigurationList;
			buildConfigurations = (
				C01FCF4F08A954540054247B /* Debug */,
				C01FCF5008A954540054247B /* Release */,
			);
			defaultConfigurationIsVisible = 0;
			defaultConfigurationName = Release;
		};
/* End XCConfigurationList section */
	};
	rootObject = 29B97313FDCFA39411CA2CEA /* Project object */;
}
